
Microsoft Visual Studio Solution File, Format Version 12.00
# Visual Studio Version 17
VisualStudioVersion = 17.13.35825.156
MinimumVisualStudioVersion = 10.0.40219.1
Project("{FAE04EC0-301F-11D3-BF4B-00C04F79EFBC}") = "InvestmentOrder.API", "InvestmentOrder.API\InvestmentOrder.API.csproj", "{61B40EEE-90D4-4765-9D01-5FE6CA9C2181}"
EndProject
Project("{FAE04EC0-301F-11D3-BF4B-00C04F79EFBC}") = "InvestmentOrder.Domain", "InvestmentOrder.Domain\InvestmentOrder.Domain.csproj", "{6BE59DBE-32E5-4F93-B9ED-B2D64F1F675E}"
EndProject
Project("{FAE04EC0-301F-11D3-BF4B-00C04F79EFBC}") = "InvestmentOrder.Application", "InvestmentOrder.Application\InvestmentOrder.Application.csproj", "{982835B2-7018-4C61-95C0-A046AFD03211}"
EndProject
Project("{FAE04EC0-301F-11D3-BF4B-00C04F79EFBC}") = "InvestmentOrder.Infrastructure", "InvestmentOrder.Infrastructure\InvestmentOrder.Infrastructure.csproj", "{203EA191-D565-40AF-A9E4-BDD8AEB775D3}"
EndProject
Project("{2150E333-8FDC-42A3-9474-1A3956D46DE8}") = "docker", "docker", "{02EA681E-C7D8-13C7-8484-4AC65E1B71E8}"
EndProject
Project("{2150E333-8FDC-42A3-9474-1A3956D46DE8}") = "sqlserver", "sqlserver", "{09B6FEB3-305C-4F31-8EEC-D07E535C9494}"
	ProjectSection(SolutionItems) = preProject
		Dockerfile = Dockerfile
		entrypoint.sh = entrypoint.sh
		init.sql = init.sql
	EndProjectSection
EndProject
Global
	GlobalSection(SolutionConfigurationPlatforms) = preSolution
		Debug|Any CPU = Debug|Any CPU
		Release|Any CPU = Release|Any CPU
	EndGlobalSection
	GlobalSection(ProjectConfigurationPlatforms) = postSolution
		{61B40EEE-90D4-4765-9D01-5FE6CA9C2181}.Debug|Any CPU.ActiveCfg = Debug|Any CPU
		{61B40EEE-90D4-4765-9D01-5FE6CA9C2181}.Debug|Any CPU.Build.0 = Debug|Any CPU
		{61B40EEE-90D4-4765-9D01-5FE6CA9C2181}.Release|Any CPU.ActiveCfg = Release|Any CPU
		{61B40EEE-90D4-4765-9D01-5FE6CA9C2181}.Release|Any CPU.Build.0 = Release|Any CPU
		{6BE59DBE-32E5-4F93-B9ED-B2D64F1F675E}.Debug|Any CPU.ActiveCfg = Debug|Any CPU
		{6BE59DBE-32E5-4F93-B9ED-B2D64F1F675E}.Debug|Any CPU.Build.0 = Debug|Any CPU
		{6BE59DBE-32E5-4F93-B9ED-B2D64F1F675E}.Release|Any CPU.ActiveCfg = Release|Any CPU
		{6BE59DBE-32E5-4F93-B9ED-B2D64F1F675E}.Release|Any CPU.Build.0 = Release|Any CPU
		{982835B2-7018-4C61-95C0-A046AFD03211}.Debug|Any CPU.ActiveCfg = Debug|Any CPU
		{982835B2-7018-4C61-95C0-A046AFD03211}.Debug|Any CPU.Build.0 = Debug|Any CPU
		{982835B2-7018-4C61-95C0-A046AFD03211}.Release|Any CPU.ActiveCfg = Release|Any CPU
		{982835B2-7018-4C61-95C0-A046AFD03211}.Release|Any CPU.Build.0 = Release|Any CPU
		{203EA191-D565-40AF-A9E4-BDD8AEB775D3}.Debug|Any CPU.ActiveCfg = Debug|Any CPU
		{203EA191-D565-40AF-A9E4-BDD8AEB775D3}.Debug|Any CPU.Build.0 = Debug|Any CPU
		{203EA191-D565-40AF-A9E4-BDD8AEB775D3}.Release|Any CPU.ActiveCfg = Release|Any CPU
		{203EA191-D565-40AF-A9E4-BDD8AEB775D3}.Release|Any CPU.Build.0 = Release|Any CPU
	EndGlobalSection
	GlobalSection(SolutionProperties) = preSolution
		HideSolutionNode = FALSE
	EndGlobalSection
	GlobalSection(NestedProjects) = preSolution
		{09B6FEB3-305C-4F31-8EEC-D07E535C9494} = {02EA681E-C7D8-13C7-8484-4AC65E1B71E8}
	EndGlobalSection
	GlobalSection(ExtensibilityGlobals) = postSolution
		SolutionGuid = {D1316D6B-AD29-44F9-B852-47192C8073FC}
	EndGlobalSection
EndGlobal
